
Microsoft Visual Studio Solution File, Format Version 12.00
# Visual Studio Version 17
VisualStudioVersion = 17.11.35312.102
MinimumVisualStudioVersion = 10.0.40219.1
Project("{9A19103F-16F7-4668-BE54-9A1E7A4F7556}") = "ExampleApi", "ExampleApi\ExampleApi.csproj", "{FFCE8E9F-C7E6-45C5-AD94-62063D6A6FE6}"
EndProject
Project("{9A19103F-16F7-4668-BE54-9A1E7A4F7556}") = "ExampleOptionLibrary", "ExampleOptionLibrary\ExampleOptionLibrary.csproj", "{9DB13013-7ADF-4CC2-B3DF-A5DBE895AF83}"
EndProject
Project("{FAE04EC0-301F-11D3-BF4B-00C04F79EFBC}") = "ExampleTest", "ExampleTest\ExampleTest.csproj", "{00D1DC93-D373-4B2B-B84F-B988C865E93D}"
EndProject
Global
	GlobalSection(SolutionConfigurationPlatforms) = preSolution
		Debug|Any CPU = Debug|Any CPU
		Release|Any CPU = Release|Any CPU
	EndGlobalSection
	GlobalSection(ProjectConfigurationPlatforms) = postSolution
		{FFCE8E9F-C7E6-45C5-AD94-62063D6A6FE6}.Debug|Any CPU.ActiveCfg = Debug|Any CPU
		{FFCE8E9F-C7E6-45C5-AD94-62063D6A6FE6}.Debug|Any CPU.Build.0 = Debug|Any CPU
		{FFCE8E9F-C7E6-45C5-AD94-62063D6A6FE6}.Release|Any CPU.ActiveCfg = Release|Any CPU
		{FFCE8E9F-C7E6-45C5-AD94-62063D6A6FE6}.Release|Any CPU.Build.0 = Release|Any CPU
		{9DB13013-7ADF-4CC2-B3DF-A5DBE895AF83}.Debug|Any CPU.ActiveCfg = Debug|Any CPU
		{9DB13013-7ADF-4CC2-B3DF-A5DBE895AF83}.Debug|Any CPU.Build.0 = Debug|Any CPU
		{9DB13013-7ADF-4CC2-B3DF-A5DBE895AF83}.Release|Any CPU.ActiveCfg = Release|Any CPU
		{9DB13013-7ADF-4CC2-B3DF-A5DBE895AF83}.Release|Any CPU.Build.0 = Release|Any CPU
		{00D1DC93-D373-4B2B-B84F-B988C865E93D}.Debug|Any CPU.ActiveCfg = Debug|Any CPU
		{00D1DC93-D373-4B2B-B84F-B988C865E93D}.Debug|Any CPU.Build.0 = Debug|Any CPU
		{00D1DC93-D373-4B2B-B84F-B988C865E93D}.Release|Any CPU.ActiveCfg = Release|Any CPU
		{00D1DC93-D373-4B2B-B84F-B988C865E93D}.Release|Any CPU.Build.0 = Release|Any CPU
	EndGlobalSection
	GlobalSection(SolutionProperties) = preSolution
		HideSolutionNode = FALSE
	EndGlobalSection
	GlobalSection(ExtensibilityGlobals) = postSolution
		SolutionGuid = {124656BC-1A43-41EC-8F80-DE78267B641B}
	EndGlobalSection
EndGlobal
